# Generated by `dn pub get`: the first-party plugin versions this app uses.
# Commit it beside pubspec.lock. `dn pub upgrade` moves these within pubspec.yaml's constraints.
dartnative_keys: 1.0.0
dartnative_path_provider: 1.0.0
dartnative_shared_preferences: 1.0.0
dartnative_social_sign_in: 1.0.0
dartnative_splash: 1.0.0
dartnative_sqlite: 1.0.0
dartnative_supabase: 1.0.0
dartnative_url_launcher: 1.0.0
